{
  "name": "g27",
  "version": "1.4.4",
  "lockfileVersion": 1,
  "requires": true,
  "dependencies": {
    "cordova-plugin-ios-location-permissions": {
      "version": "git+https://github.com/niconaso/cordova-plugin-ios-location-permissions.git#b8ec2c7f178f845ea8980373cf64489103143d13",
      "from": "git+https://github.com/niconaso/cordova-plugin-ios-location-permissions.git"
    },
    "cordova-plugin-wkwebview-engine": {
      "version": "git+https://github.com/apache/cordova-plugin-wkwebview-engine.git#9a8993c6830424e183ec9a76f9ad7d74fd933f6f",
      "from": "git+https://github.com/apache/cordova-plugin-wkwebview-engine.git#master"
    }
  }
}
